github.com/mikunalpha/go-module v0.0.0-20190507092725-5ace7136d462 h1:4sDn6u9dEoue5pg+QOjRpbhMXZ72AiQdbRmvAPl1d7c=
github.com/mikunalpha/go-module v0.0.0-20190507092725-5ace7136d462/go.mod h1:ZA+ZzsD/oj1v6Flm0iUci0TQr48OCj4gPCg1JA0zyh0=
github.com/mikunalpha/go-module v0.0.0-20190507143600-b54b56b95307 h1:G3hp0pjy0Ur4fa+W6urYfOcIzi0DMoLtx4fDGQGseUY=
github.com/mikunalpha/go-module v0.0.0-20190507143600-b54b56b95307/go.mod h1:ZA+ZzsD/oj1v6Flm0iUci0TQr48OCj4gPCg1JA0zyh0=
github.com/urfave/cli v1.20.0 h1:fDqGv3UG/4jbVl/QkFwEdddtEDjh/5Ov6X+0B/3bPaw=
github.com/urfave/cli v1.20.0/go.mod h1:70zkFmudgCuE/ngEzBv17Jvp/497gISqfk5gWijbERA=
github.com/uudashr/go-module v0.0.0-20180827225833-c0ca9c3a4966 h1:7dS/ZO0dIwrtj/FGTt9I6urVpx7LEHzucegv4ORYK3M=
github.com/uudashr/go-module v0.0.0-20180827225833-c0ca9c3a4966/go.mod h1:P6Nk1sQWL6jcdBIxnLVlqCsOl0arao7gg7sPoM6gx4A=
